
Microsoft Visual Studio Solution File, Format Version 12.00
# Visual Studio Version 17
VisualStudioVersion = 17.6.33815.320
MinimumVisualStudioVersion = 10.0.40219.1
Project("{FAE04EC0-301F-11D3-BF4B-00C04F79EFBC}") = "LIBMGMT", "LIBMGMT\LIBMGMT.csproj", "{830ECAB9-F2E1-4D7B-A78C-DE46181A129D}"
EndProject
Global
	GlobalSection(SolutionConfigurationPlatforms) = preSolution
		Debug|Any CPU = Debug|Any CPU
		Release|Any CPU = Release|Any CPU
	EndGlobalSection
	GlobalSection(ProjectConfigurationPlatforms) = postSolution
		{830ECAB9-F2E1-4D7B-A78C-DE46181A129D}.Debug|Any CPU.ActiveCfg = Debug|Any CPU
		{830ECAB9-F2E1-4D7B-A78C-DE46181A129D}.Debug|Any CPU.Build.0 = Debug|Any CPU
		{830ECAB9-F2E1-4D7B-A78C-DE46181A129D}.Release|Any CPU.ActiveCfg = Release|Any CPU
		{830ECAB9-F2E1-4D7B-A78C-DE46181A129D}.Release|Any CPU.Build.0 = Release|Any CPU
	EndGlobalSection
	GlobalSection(SolutionProperties) = preSolution
		HideSolutionNode = FALSE
	EndGlobalSection
	GlobalSection(ExtensibilityGlobals) = postSolution
		SolutionGuid = {53AB7A70-06C2-4A08-B117-36302AA4F991}
	EndGlobalSection
EndGlobal
